# This file was autogenerated by Stack.
# You should not edit this file by hand.
# For more information, please see the documentation at:
#   https://docs.haskellstack.org/en/stable/lock_files

packages:
- completed:
    hackage: attoparsec-0.13.2.3@sha256:38717f481a131e1f50ce8e126f49961e6fe740f55df53e5e45cbbf8c451a9698,5695
    pantry-tree:
      size: 5231
      sha256: 6fd8933535f478eb3a8ae67ccd601bac58f05356c4ce912b89a12a9eba2543aa
  original:
    hackage: attoparsec-0.13.2.3
- completed:
    hackage: text-1.2.4.0@sha256:8c24450feb8e3bbb7ea3e17af24ef57e85db077c4bf53e5bcc345b283d1b1d5b,10081
    pantry-tree:
      size: 7457
      sha256: 3437b0a73ce2ae1a81aa8b3438d41a85981c00894cdbee0d6d6d6873046a5d5d
  original:
    hackage: text-1.2.4.0
- completed:
    hackage: prettyprinter-1.5.1@sha256:fca87c3e2611d3499a0341a59857e9b424a23f31646e4737d535a18582284f96,5375
    pantry-tree:
      size: 2106
      sha256: 86fd583112db41bac5ac9ecf258ec402ad615253e9c5eabc56ec127bfb94c096
  original:
    hackage: prettyprinter-1.5.1
- completed:
    hackage: optparse-applicative-0.15.1.0@sha256:a0b9924d88a17c36cd8e6839d7dd2138419dd8f08cbb4f9af18f3c367b0c69a3,4673
    pantry-tree:
      size: 2904
      sha256: f3baab2f89cb92de0f90cf9ac3a89f20f3b28bffd1be7b09c9e611a8c6957e61
  original:
    hackage: optparse-applicative-0.15.1.0
snapshots:
- completed:
    size: 524804
    url: https://raw.githubusercontent.com/commercialhaskell/stackage-snapshots/master/lts/14/16.yaml
    sha256: 4d1519a4372d051d47a5eae2241cf3fb54e113d7475f89707ddb6ec06add2888
  original: lts-14.16
